
Microsoft Visual Studio Solution File, Format Version 12.00
# Visual Studio Version 17
VisualStudioVersion = 17.4.33110.190
MinimumVisualStudioVersion = 10.0.40219.1
Project("{FAE04EC0-301F-11D3-BF4B-00C04F79EFBC}") = "CalculatorWeb", "CalculatorWeb.csproj", "{3602DF81-10B7-450A-A526-AD7D91208F43}"
EndProject
Global
	GlobalSection(SolutionConfigurationPlatforms) = preSolution
		Debug|Any CPU = Debug|Any CPU
		Release|Any CPU = Release|Any CPU
	EndGlobalSection
	GlobalSection(ProjectConfigurationPlatforms) = postSolution
		{3602DF81-10B7-450A-A526-AD7D91208F43}.Debug|Any CPU.ActiveCfg = Debug|Any CPU
		{3602DF81-10B7-450A-A526-AD7D91208F43}.Debug|Any CPU.Build.0 = Debug|Any CPU
		{3602DF81-10B7-450A-A526-AD7D91208F43}.Release|Any CPU.ActiveCfg = Release|Any CPU
		{3602DF81-10B7-450A-A526-AD7D91208F43}.Release|Any CPU.Build.0 = Release|Any CPU
	EndGlobalSection
	GlobalSection(SolutionProperties) = preSolution
		HideSolutionNode = FALSE
	EndGlobalSection
	GlobalSection(ExtensibilityGlobals) = postSolution
		SolutionGuid = {C096D79E-B951-4E8F-B71E-72B7F3DDA355}
	EndGlobalSection
EndGlobal
